<?xml version="1.0" encoding="UTF-8" standalone="yes" ?>
<CodeBlocks_project_file>
	<FileVersion major="1" minor="6" />
	<Project>
		<Option title="Projeto1" />
		<Option pch_mode="2" />
		<Option compiler="gcc" />
		<MakeCommands>
			<Build command="" />
			<CompileFile command="" />
			<Clean command="" />
			<DistClean command="" />
			<AskRebuildNeeded command="" />
			<SilentBuild command=" &gt; $(CMD_NULL)" />
		</MakeCommands>
		<Build>
			<Target title="Debug">
				<Option output="bin/Debug/Projeto1" prefix_auto="1" extension_auto="1" />
				<Option object_output="obj/Debug/" />
				<Option type="1" />
				<Option compiler="gcc" />
				<Option projectCompilerOptionsRelation="-1" />
				<Option projectIncludeDirsRelation="-1" />
				<Option projectLibDirsRelation="-1" />
				<Compiler>
					<Add directory="/usr/include" />
				</Compiler>
				<Linker>
					<Add option="-lsqlite3" />
					<Add library="sqlite3" />
					<Add directory="/usr/lib/x86_64-linux-gnu" />
				</Linker>
				<MakeCommands>
					<Build command="" />
					<CompileFile command="" />
					<Clean command="" />
					<DistClean command="" />
					<AskRebuildNeeded command="" />
					<SilentBuild command=" &gt; $(CMD_NULL)" />
				</MakeCommands>
			</Target>
			<Target title="Release">
				<Option output="bin/Release/Projeto1" prefix_auto="1" extension_auto="1" />
				<Option object_output="obj/Release/" />
				<Option type="1" />
				<Option compiler="gcc" />
				<Linker>
					<Add option="-lsqlite3" />
					<Add library="sqlite3" />
				</Linker>
			</Target>
		</Build>
		<Compiler>
			<Add directory="/usr/include" />
		</Compiler>
		<Linker>
			<Add directory="/usr/lib/x86_64-linux-gnu" />
		</Linker>
		<Unit filename="main.cpp" />
		<Unit filename="service/DAO/BaseDAO.hpp" />
		<Unit filename="service/DAO/DatabaseManager.hpp" />
		<Unit filename="service/DAO/GerenteDAO.cpp" />
		<Unit filename="service/DAO/GerenteDAO.hpp" />
		<Unit filename="service/container/Gerente.hpp" />
		<Unit filename="service/container/Hospede.hpp" />
		<Unit filename="service/container/Hotel.hpp" />
		<Unit filename="service/container/Pessoa.hpp" />
		<Unit filename="service/container/Quarto.hpp" />
		<Unit filename="service/container/Reserva.hpp" />
		<Unit filename="service/container/domain/Capacidade.cpp" />
		<Unit filename="service/container/domain/Capacidade.hpp" />
		<Unit filename="service/container/domain/Cartao.cpp" />
		<Unit filename="service/container/domain/Cartao.hpp" />
		<Unit filename="service/container/domain/Codigo.cpp" />
		<Unit filename="service/container/domain/Codigo.hpp" />
		<Unit filename="service/container/domain/Data.cpp" />
		<Unit filename="service/container/domain/Data.hpp" />
		<Unit filename="service/container/domain/Dinheiro.cpp" />
		<Unit filename="service/container/domain/Dinheiro.hpp" />
		<Unit filename="service/container/domain/Email.cpp" />
		<Unit filename="service/container/domain/Email.hpp" />
		<Unit filename="service/container/domain/Endereco.cpp" />
		<Unit filename="service/container/domain/Endereco.hpp" />
		<Unit filename="service/container/domain/InterfaceDominio.hpp" />
		<Unit filename="service/container/domain/Nome.cpp" />
		<Unit filename="service/container/domain/Nome.hpp" />
		<Unit filename="service/container/domain/Numero.cpp" />
		<Unit filename="service/container/domain/Numero.hpp" />
		<Unit filename="service/container/domain/Ramal.cpp" />
		<Unit filename="service/container/domain/Ramal.hpp" />
		<Unit filename="service/container/domain/Senha.cpp" />
		<Unit filename="service/container/domain/Senha.hpp" />
		<Unit filename="service/container/domain/Telefone.cpp" />
		<Unit filename="service/container/domain/Telefone.hpp" />
		<Unit filename="src/service/DAO/HospedeDAO.hpp" />
		<Unit filename="tests/EntidadesTest.hpp" />
		<Unit filename="view/Index.cpp" />
		<Unit filename="view/Index.hpp" />
		<Extensions />
	</Project>
</CodeBlocks_project_file>
